# This file is automatically @generated by Cargo.
# It is not intended for manual editing.
version = 4

[[package]]
name = "aoc_1"
version = "0.1.0"
dependencies = [
 "finitely",
]

[[package]]
name = "finitely"
version = "0.1.0"
source = "registry+https://github.com/rust-lang/crates.io-index"
checksum = "675347911c788e11f829d059ea1abf633afe7bdfe0aef35fafcb65e55ce487e5"
